<?xml version="1.0" encoding="utf-8"?>
<Project ToolsVersion="4.0" xmlns="http://schemas.microsoft.com/developer/msbuild/2003">
  <ItemGroup>
    <Filter Include="Source Files">
      <UniqueIdentifier>{4FC737F1-C7A5-4376-A066-2A32D752A2FF}</UniqueIdentifier>
      <Extensions>cpp;c;cc;cxx;def;odl;idl;hpj;bat;asm;asmx</Extensions>
    </Filter>
    <Filter Include="Header Files">
      <UniqueIdentifier>{93995380-89BD-4b04-88EB-625FBE52EBFB}</UniqueIdentifier>
      <Extensions>h;hh;hpp;hxx;hm;inl;inc;ipp;xsd</Extensions>
    </Filter>
    <Filter Include="Resource Files">
      <UniqueIdentifier>{67DA6AB6-F800-4c08-8B7A-83BB121AAD01}</UniqueIdentifier>
      <Extensions>rc;ico;cur;bmp;dlg;rc2;rct;bin;rgs;gif;jpg;jpeg;jpe;resx;tiff;tif;png;wav;mfcribbon-ms</Extensions>
    </Filter>
  </ItemGroup>
  <ItemGroup>
    <ClCompile Include="src\main.cpp">
      <Filter>Source Files</Filter>
    </ClCompile>
    <ClCompile Include="src\peka2tv\Peka2tvSIOClient.cpp">
      <Filter>Source Files</Filter>
    </ClCompile>
    <ClCompile Include="src\peka2tv\Peka2tvHttpClient.cpp">
      <Filter>Source Files</Filter>
    </ClCompile>
    <ClCompile Include="src\storage\sqliteStorage.cpp">
      <Filter>Source Files</Filter>
    </ClCompile>
    <ClCompile Include="src\storage\models\user.cpp">
      <Filter>Source Files</Filter>
    </ClCompile>
    <ClCompile Include="src\storage\models\movie.cpp">
      <Filter>Source Files</Filter>
    </ClCompile>
    <ClCompile Include="src\storage\models\movieVotes.cpp">
      <Filter>Source Files</Filter>
    </ClCompile>
    <ClCompile Include="src\commands\ban.cpp">
      <Filter>Source Files</Filter>
    </ClCompile>
    <ClCompile Include="src\commands\vote.cpp">
      <Filter>Source Files</Filter>
    </ClCompile>
    <ClCompile Include="src\commands\skip.cpp">
      <Filter>Source Files</Filter>
    </ClCompile>
    <ClCompile Include="src\app.cpp">
      <Filter>Source Files</Filter>
    </ClCompile>
    <ClCompile Include="src\userCache.cpp">
      <Filter>Source Files</Filter>
    </ClCompile>
    <ClCompile Include="src\appApi.cpp">
      <Filter>Source Files</Filter>
    </ClCompile>
    <ClCompile Include="src\commands\banConstructor.cpp">
      <Filter>Source Files</Filter>
    </ClCompile>
    <ClCompile Include="src\commands\skipConstructor.cpp">
      <Filter>Source Files</Filter>
    </ClCompile>
    <ClCompile Include="src\commands\voteConstructor.cpp">
      <Filter>Source Files</Filter>
    </ClCompile>
    <ClCompile Include="src\helper.cpp">
      <Filter>Source Files</Filter>
    </ClCompile>
    <ClCompile Include="src\commands\unban.cpp">
      <Filter>Source Files</Filter>
    </ClCompile>
    <ClCompile Include="src\commands\unbanConstructor.cpp">
      <Filter>Source Files</Filter>
    </ClCompile>
    <ClCompile Include="src\commands\likeConstructor.cpp">
      <Filter>Source Files</Filter>
    </ClCompile>
    <ClCompile Include="src\commands\dislike.cpp">
      <Filter>Source Files</Filter>
    </ClCompile>
    <ClCompile Include="src\commands\dislikeConstructor.cpp">
      <Filter>Source Files</Filter>
    </ClCompile>
    <ClCompile Include="src\commands\like.cpp">
      <Filter>Source Files</Filter>
    </ClCompile>
    <ClCompile Include="src\controller\backend.cpp">
      <Filter>Source Files</Filter>
    </ClCompile>
    <ClCompile Include="src\commands\phase.cpp">
      <Filter>Source Files</Filter>
    </ClCompile>
    <ClCompile Include="src\commands\votePhase.cpp">
      <Filter>Source Files</Filter>
    </ClCompile>
    <ClCompile Include="src\commands\moviePhase.cpp">
      <Filter>Source Files</Filter>
    </ClCompile>
    <ClCompile Include="src\commands\skipPhase.cpp">
      <Filter>Source Files</Filter>
    </ClCompile>
    <ClCompile Include="src\commands\unvoteConstructor.cpp">
      <Filter>Source Files</Filter>
    </ClCompile>
    <ClCompile Include="src\commands\unvote.cpp">
      <Filter>Source Files</Filter>
    </ClCompile>
  </ItemGroup>
  <ItemGroup>
    <ClInclude Include="src\peka2tv\Peka2tvSIOClient.h">
      <Filter>Header Files</Filter>
    </ClInclude>
    <ClInclude Include="src\peka2tv\Peka2tvHttpClient.h">
      <Filter>Header Files</Filter>
    </ClInclude>
    <ClInclude Include="src\storage.h">
      <Filter>Header Files</Filter>
    </ClInclude>
    <ClInclude Include="src\storage\sqliteStorage.h">
      <Filter>Header Files</Filter>
    </ClInclude>
    <ClInclude Include="src\storage\models\movie.h">
      <Filter>Header Files</Filter>
    </ClInclude>
    <ClInclude Include="src\storage\models\movieVotes.h">
      <Filter>Header Files</Filter>
    </ClInclude>
    <ClInclude Include="src\storage\column.h">
      <Filter>Header Files</Filter>
    </ClInclude>
    <ClInclude Include="src\storage\models\user.h">
      <Filter>Header Files</Filter>
    </ClInclude>
    <ClInclude Include="src\commands\Command.h">
      <Filter>Header Files</Filter>
    </ClInclude>
    <ClInclude Include="src\commands\ban.h">
      <Filter>Header Files</Filter>
    </ClInclude>
    <ClInclude Include="src\commands\vote.h">
      <Filter>Header Files</Filter>
    </ClInclude>
    <ClInclude Include="src\commands\skip.h">
      <Filter>Header Files</Filter>
    </ClInclude>
    <ClInclude Include="src\app.h">
      <Filter>Header Files</Filter>
    </ClInclude>
    <ClInclude Include="src\userCache.h">
      <Filter>Header Files</Filter>
    </ClInclude>
    <ClInclude Include="src\appApi.h">
      <Filter>Header Files</Filter>
    </ClInclude>
    <ClInclude Include="src\commands\commandConstructor.h">
      <Filter>Header Files</Filter>
    </ClInclude>
    <ClInclude Include="src\commands\banConstructor.h">
      <Filter>Header Files</Filter>
    </ClInclude>
    <ClInclude Include="src\commands\skipConstructor.h">
      <Filter>Header Files</Filter>
    </ClInclude>
    <ClInclude Include="src\commands\voteConstructor.h">
      <Filter>Header Files</Filter>
    </ClInclude>
    <ClInclude Include="src\helper.h">
      <Filter>Header Files</Filter>
    </ClInclude>
    <ClInclude Include="src\commands\unbanConstructor.h">
      <Filter>Header Files</Filter>
    </ClInclude>
    <ClInclude Include="src\commands\unban.h">
      <Filter>Header Files</Filter>
    </ClInclude>
    <ClInclude Include="src\commands\likeConstructor.h">
      <Filter>Header Files</Filter>
    </ClInclude>
    <ClInclude Include="src\commands\dislike.h">
      <Filter>Header Files</Filter>
    </ClInclude>
    <ClInclude Include="src\commands\dislikeConstructor.h">
      <Filter>Header Files</Filter>
    </ClInclude>
    <ClInclude Include="src\commands\like.h">
      <Filter>Header Files</Filter>
    </ClInclude>
    <ClInclude Include="src\controller\backend.h">
      <Filter>Header Files</Filter>
    </ClInclude>
    <ClInclude Include="src\commands\phase.h">
      <Filter>Header Files</Filter>
    </ClInclude>
    <ClInclude Include="src\commands\votePhase.h">
      <Filter>Header Files</Filter>
    </ClInclude>
    <ClInclude Include="src\commands\moviePhase.h">
      <Filter>Header Files</Filter>
    </ClInclude>
    <ClInclude Include="src\commands\skipPhase.h">
      <Filter>Header Files</Filter>
    </ClInclude>
    <ClInclude Include="src\commands\unvoteConstructor.h">
      <Filter>Header Files</Filter>
    </ClInclude>
    <ClInclude Include="src\commands\unvote.h">
      <Filter>Header Files</Filter>
    </ClInclude>
  </ItemGroup>
</Project>